
Microsoft Visual Studio Solution File, Format Version 12.00
# Visual Studio 14
VisualStudioVersion = 14.0.23107.0
MinimumVisualStudioVersion = 10.0.40219.1
Project("{FAE04EC0-301F-11D3-BF4B-00C04F79EFBC}") = "Registr", "Registr\Registr.csproj", "{BC4F6139-6D1C-4351-9D7A-02CD6CFD1D8D}"
EndProject
Global
	GlobalSection(SolutionConfigurationPlatforms) = preSolution
		Debug|Any CPU = Debug|Any CPU
		Release|Any CPU = Release|Any CPU
	EndGlobalSection
	GlobalSection(ProjectConfigurationPlatforms) = postSolution
		{BC4F6139-6D1C-4351-9D7A-02CD6CFD1D8D}.Debug|Any CPU.ActiveCfg = Debug|Any CPU
		{BC4F6139-6D1C-4351-9D7A-02CD6CFD1D8D}.Debug|Any CPU.Build.0 = Debug|Any CPU
		{BC4F6139-6D1C-4351-9D7A-02CD6CFD1D8D}.Release|Any CPU.ActiveCfg = Release|Any CPU
		{BC4F6139-6D1C-4351-9D7A-02CD6CFD1D8D}.Release|Any CPU.Build.0 = Release|Any CPU
	EndGlobalSection
	GlobalSection(SolutionProperties) = preSolution
		HideSolutionNode = FALSE
	EndGlobalSection
EndGlobal
